# This file was autogenerated by Stack.
# You should not edit this file by hand.
# For more information, please see the documentation at:
#   https://docs.haskellstack.org/en/stable/topics/lock_files

packages: []
snapshots:
- completed:
    sha256: e32aefe638bc394ad7cad00ac6d5dada5a25407dd53239862ec83b9142bb35ec
    size: 688161
    url: https://raw.githubusercontent.com/commercialhaskell/stackage-snapshots/master/nightly/2025/5/15.yaml
  original: nightly-2025-05-15
